[root]
name = "swindon"
version = "0.1.0"
dependencies = [
 "futures 0.1.1 (registry+https://github.com/rust-lang/crates.io-index)",
 "minihttp 0.1.0 (git+https://github.com/popravich/minihttp)",
 "tokio-core 0.1.0 (registry+https://github.com/rust-lang/crates.io-index)",
 "tokio-service 0.1.0 (git+https://github.com/tokio-rs/tokio-service)",
]

[[package]]
name = "bitflags"
version = "0.4.0"
source = "registry+https://github.com/rust-lang/crates.io-index"

[[package]]
name = "byteorder"
version = "0.5.3"
source = "registry+https://github.com/rust-lang/crates.io-index"

[[package]]
name = "bytes"
version = "0.4.0-dev"
source = "git+https://github.com/carllerche/bytes#d05bfb6346e3eb5eebc9f6016c32fede20ba3831"
dependencies = [
 "byteorder 0.5.3 (registry+https://github.com/rust-lang/crates.io-index)",
 "log 0.3.6 (registry+https://github.com/rust-lang/crates.io-index)",
]

[[package]]
name = "cfg-if"
version = "0.1.0"
source = "registry+https://github.com/rust-lang/crates.io-index"

[[package]]
name = "futures"
version = "0.1.1"
source = "registry+https://github.com/rust-lang/crates.io-index"
dependencies = [
 "log 0.3.6 (registry+https://github.com/rust-lang/crates.io-index)",
]

[[package]]
name = "httparse"
version = "1.1.2"
source = "git+https://github.com/seanmonstar/httparse#49bf4d81d44dbc736ad48438540bebc5f6d17e22"

[[package]]
name = "kernel32-sys"
version = "0.2.2"
source = "registry+https://github.com/rust-lang/crates.io-index"
dependencies = [
 "winapi 0.2.8 (registry+https://github.com/rust-lang/crates.io-index)",
 "winapi-build 0.1.1 (registry+https://github.com/rust-lang/crates.io-index)",
]

[[package]]
name = "lazycell"
version = "0.4.0"
source = "registry+https://github.com/rust-lang/crates.io-index"

[[package]]
name = "libc"
version = "0.2.16"
source = "registry+https://github.com/rust-lang/crates.io-index"

[[package]]
name = "log"
version = "0.3.6"
source = "registry+https://github.com/rust-lang/crates.io-index"

[[package]]
name = "minihttp"
version = "0.1.0"
source = "git+https://github.com/popravich/minihttp#0beac711b3a4a0da157c1268b75dd7e237f6388a"
dependencies = [
 "bytes 0.4.0-dev (git+https://github.com/carllerche/bytes)",
 "futures 0.1.1 (registry+https://github.com/rust-lang/crates.io-index)",
 "httparse 1.1.2 (git+https://github.com/seanmonstar/httparse)",
 "tokio-core 0.1.0 (registry+https://github.com/rust-lang/crates.io-index)",
 "tokio-proto 0.1.0 (git+https://github.com/tokio-rs/tokio-proto)",
 "tokio-service 0.1.0 (git+https://github.com/tokio-rs/tokio-service)",
]

[[package]]
name = "mio"
version = "0.6.0"
source = "registry+https://github.com/rust-lang/crates.io-index"
dependencies = [
 "kernel32-sys 0.2.2 (registry+https://github.com/rust-lang/crates.io-index)",
 "lazycell 0.4.0 (registry+https://github.com/rust-lang/crates.io-index)",
 "libc 0.2.16 (registry+https://github.com/rust-lang/crates.io-index)",
 "log 0.3.6 (registry+https://github.com/rust-lang/crates.io-index)",
 "miow 0.1.3 (registry+https://github.com/rust-lang/crates.io-index)",
 "net2 0.2.26 (registry+https://github.com/rust-lang/crates.io-index)",
 "nix 0.6.0 (registry+https://github.com/rust-lang/crates.io-index)",
 "slab 0.3.0 (registry+https://github.com/rust-lang/crates.io-index)",
 "winapi 0.2.8 (registry+https://github.com/rust-lang/crates.io-index)",
]

[[package]]
name = "miow"
version = "0.1.3"
source = "registry+https://github.com/rust-lang/crates.io-index"
dependencies = [
 "kernel32-sys 0.2.2 (registry+https://github.com/rust-lang/crates.io-index)",
 "net2 0.2.26 (registry+https://github.com/rust-lang/crates.io-index)",
 "winapi 0.2.8 (registry+https://github.com/rust-lang/crates.io-index)",
 "ws2_32-sys 0.2.1 (registry+https://github.com/rust-lang/crates.io-index)",
]

[[package]]
name = "net2"
version = "0.2.26"
source = "registry+https://github.com/rust-lang/crates.io-index"
dependencies = [
 "cfg-if 0.1.0 (registry+https://github.com/rust-lang/crates.io-index)",
 "kernel32-sys 0.2.2 (registry+https://github.com/rust-lang/crates.io-index)",
 "libc 0.2.16 (registry+https://github.com/rust-lang/crates.io-index)",
 "winapi 0.2.8 (registry+https://github.com/rust-lang/crates.io-index)",
 "ws2_32-sys 0.2.1 (registry+https://github.com/rust-lang/crates.io-index)",
]

[[package]]
name = "nix"
version = "0.6.0"
source = "registry+https://github.com/rust-lang/crates.io-index"
dependencies = [
 "bitflags 0.4.0 (registry+https://github.com/rust-lang/crates.io-index)",
 "cfg-if 0.1.0 (registry+https://github.com/rust-lang/crates.io-index)",
 "libc 0.2.16 (registry+https://github.com/rust-lang/crates.io-index)",
 "rustc_version 0.1.7 (registry+https://github.com/rust-lang/crates.io-index)",
 "semver 0.1.20 (registry+https://github.com/rust-lang/crates.io-index)",
 "void 1.0.2 (registry+https://github.com/rust-lang/crates.io-index)",
]

[[package]]
name = "rand"
version = "0.3.14"
source = "registry+https://github.com/rust-lang/crates.io-index"
dependencies = [
 "libc 0.2.16 (registry+https://github.com/rust-lang/crates.io-index)",
]

[[package]]
name = "rustc_version"
version = "0.1.7"
source = "registry+https://github.com/rust-lang/crates.io-index"
dependencies = [
 "semver 0.1.20 (registry+https://github.com/rust-lang/crates.io-index)",
]

[[package]]
name = "scoped-tls"
version = "0.1.0"
source = "registry+https://github.com/rust-lang/crates.io-index"

[[package]]
name = "semver"
version = "0.1.20"
source = "registry+https://github.com/rust-lang/crates.io-index"

[[package]]
name = "slab"
version = "0.3.0"
source = "registry+https://github.com/rust-lang/crates.io-index"

[[package]]
name = "smallvec"
version = "0.2.0"
source = "registry+https://github.com/rust-lang/crates.io-index"

[[package]]
name = "take"
version = "0.1.0"
source = "registry+https://github.com/rust-lang/crates.io-index"

[[package]]
name = "tokio-core"
version = "0.1.0"
source = "registry+https://github.com/rust-lang/crates.io-index"
dependencies = [
 "futures 0.1.1 (registry+https://github.com/rust-lang/crates.io-index)",
 "log 0.3.6 (registry+https://github.com/rust-lang/crates.io-index)",
 "mio 0.6.0 (registry+https://github.com/rust-lang/crates.io-index)",
 "scoped-tls 0.1.0 (registry+https://github.com/rust-lang/crates.io-index)",
 "slab 0.3.0 (registry+https://github.com/rust-lang/crates.io-index)",
]

[[package]]
name = "tokio-proto"
version = "0.1.0"
source = "git+https://github.com/tokio-rs/tokio-proto#8922f3a30a0754d1f0d035f8da64b97a4cfde0c5"
dependencies = [
 "bytes 0.4.0-dev (git+https://github.com/carllerche/bytes)",
 "futures 0.1.1 (registry+https://github.com/rust-lang/crates.io-index)",
 "log 0.3.6 (registry+https://github.com/rust-lang/crates.io-index)",
 "rand 0.3.14 (registry+https://github.com/rust-lang/crates.io-index)",
 "slab 0.3.0 (registry+https://github.com/rust-lang/crates.io-index)",
 "smallvec 0.2.0 (registry+https://github.com/rust-lang/crates.io-index)",
 "take 0.1.0 (registry+https://github.com/rust-lang/crates.io-index)",
 "tokio-core 0.1.0 (registry+https://github.com/rust-lang/crates.io-index)",
 "tokio-service 0.1.0 (git+https://github.com/tokio-rs/tokio-service)",
]

[[package]]
name = "tokio-service"
version = "0.1.0"
source = "git+https://github.com/tokio-rs/tokio-service#4dfeaba1f5b4cb8a0faae9b62912270cd4aca8ed"
dependencies = [
 "futures 0.1.1 (registry+https://github.com/rust-lang/crates.io-index)",
]

[[package]]
name = "void"
version = "1.0.2"
source = "registry+https://github.com/rust-lang/crates.io-index"

[[package]]
name = "winapi"
version = "0.2.8"
source = "registry+https://github.com/rust-lang/crates.io-index"

[[package]]
name = "winapi-build"
version = "0.1.1"
source = "registry+https://github.com/rust-lang/crates.io-index"

[[package]]
name = "ws2_32-sys"
version = "0.2.1"
source = "registry+https://github.com/rust-lang/crates.io-index"
dependencies = [
 "winapi 0.2.8 (registry+https://github.com/rust-lang/crates.io-index)",
 "winapi-build 0.1.1 (registry+https://github.com/rust-lang/crates.io-index)",
]

